
Microsoft Visual Studio Solution File, Format Version 12.00
# Visual Studio Version 16
VisualStudioVersion = 16.0.30204.135
MinimumVisualStudioVersion = 10.0.40219.1
Project("{FAE04EC0-301F-11D3-BF4B-00C04F79EFBC}") = "ProjectMobile", "ProjectMobile\ProjectMobile.csproj", "{A3F72D41-266F-44CE-8D07-27DC0C644932}"
EndProject
Global
	GlobalSection(SolutionConfigurationPlatforms) = preSolution
		Debug|Any CPU = Debug|Any CPU
		Release|Any CPU = Release|Any CPU
	EndGlobalSection
	GlobalSection(ProjectConfigurationPlatforms) = postSolution
		{A3F72D41-266F-44CE-8D07-27DC0C644932}.Debug|Any CPU.ActiveCfg = Debug|Any CPU
		{A3F72D41-266F-44CE-8D07-27DC0C644932}.Debug|Any CPU.Build.0 = Debug|Any CPU
		{A3F72D41-266F-44CE-8D07-27DC0C644932}.Release|Any CPU.ActiveCfg = Release|Any CPU
		{A3F72D41-266F-44CE-8D07-27DC0C644932}.Release|Any CPU.Build.0 = Release|Any CPU
	EndGlobalSection
	GlobalSection(SolutionProperties) = preSolution
		HideSolutionNode = FALSE
	EndGlobalSection
	GlobalSection(ExtensibilityGlobals) = postSolution
		SolutionGuid = {8042AAA4-0438-4F1E-83FF-195B6F9A627F}
	EndGlobalSection
EndGlobal
